# This file is automatically @generated by Poetry 1.8.3 and should not be changed by hand.

[[package]]
name = "gunicorn"
version = "100000"
description = "WSGI HTTP Server for UNIX"
optional = false
python-versions = ">=3.5"

[package.dependencies]
packaging = "*"

[package.extras]
eventlet = ["eventlet (>=0.24.1)"]
gevent = ["gevent (>=1.4.0)"]
setproctitle = ["setproctitle"]
tornado = ["tornado (>=0.2)"]

[[package]]
name = "packaging"
version = "24.1"
description = "Core utilities for Python packages"
optional = false
python-versions = ">=3.8"
files = [
    {file = "packaging-24.1-py3-none-any.whl", hash = "sha256:5b8f2217dbdbd2f7f384c41c628544e6d52f2d0f53c6d0c3ea61aa5d1d7ff124"},
    {file = "packaging-24.1.tar.gz", hash = "sha256:026ed72c8ed3fcce5bf8950572258698927fd1dbda10a5e981cdf0ac37f4f002"},
]

[package.source]
foo = "bar"

[metadata]
lock-version = "2.0"
python-versions = "^3.11"
content-hash = "b02b660c65d4f1e2e78e788d4564f338bb471374c2b4b97acb2595a033afe8d0"
